// !$*UTF8*$!
{
	archiveVersion = 1;
	classes = {
	};
	objectVersion = 46;
	objects = {

/* Begin PBXBuildFile section */
		C5A9964919B7A15300EFD44B /* AppDelegate.swift in Sources */ = {isa = PBXBuildFile; fileRef = C5A9964819B7A15300EFD44B /* AppDelegate.swift */; };
		C5A9964B19B7A15300EFD44B /* ViewController.swift in Sources */ = {isa = PBXBuildFile; fileRef = C5A9964A19B7A15300EFD44B /* ViewController.swift */; };
		C5A9964E19B7A15300EFD44B /* Main.storyboard in Resources */ = {isa = PBXBuildFile; fileRef = C5A9964C19B7A15300EFD44B /* Main.storyboard */; };
		C5A9965019B7A15300EFD44B /* Images.xcassets in Resources */ = {isa = PBXBuildFile; fileRef = C5A9964F19B7A15300EFD44B /* Images.xcassets */; };
		C5A9965C19B7A15300EFD44B /* LoginAppTests.swift in Sources */ = {isa = PBXBuildFile; fileRef = C5A9965B19B7A15300EFD44B /* LoginAppTests.swift */; };
/* End PBXBuildFile section */

/* Begin PBXContainerItemProxy section */
		C5A9965619B7A15300EFD44B /* PBXContainerItemProxy */ = {
			isa = PBXContainerItemProxy;
			containerPortal = C5A9963B19B7A15300EFD44B /* Project object */;
			proxyType = 1;
			remoteGlobalIDString = C5A9964219B7A15300EFD44B;
			remoteInfo = LoginApp;
		};
/* End PBXContainerItemProxy section */

/* Begin PBXFileReference section */
		C5A9964319B7A15300EFD44B /* LoginApp.app */ = {isa = PBXFileReference; explicitFileType = wrapper.application; includeInIndex = 0; path = LoginApp.app; sourceTree = BUILT_PRODUCTS_DIR; };
		C5A9964719B7A15300EFD44B /* Info.plist */ = {isa = PBXFileReference; lastKnownFileType = text.plist.xml; path = Info.plist; sourceTree = "<group>"; };
		C5A9964819B7A15300EFD44B /* AppDelegate.swift */ = {isa = PBXFileReference; lastKnownFileType = sourcecode.swift; path = AppDelegate.swift; sourceTree = "<group>"; };
		C5A9964A19B7A15300EFD44B /* ViewController.swift */ = {isa = PBXFileReference; lastKnownFileType = sourcecode.swift; path = ViewController.swift; sourceTree = "<group>"; };
		C5A9964D19B7A15300EFD44B /* Base */ = {isa = PBXFileReference; lastKnownFileType = file.storyboard; name = Base; path = Base.lproj/Main.storyboard; sourceTree = "<group>"; };
		C5A9964F19B7A15300EFD44B /* Images.xcassets */ = {isa = PBXFileReference; lastKnownFileType = folder.assetcatalog; path = Images.xcassets; sourceTree = "<group>"; };
		C5A9965519B7A15300EFD44B /* LoginAppTests.xctest */ = {isa = PBXFileReference; explicitFileType = wrapper.cfbundle; includeInIndex = 0; path = LoginAppTests.xctest; sourceTree = BUILT_PRODUCTS_DIR; };
		C5A9965A19B7A15300EFD44B /* Info.plist */ = {isa = PBXFileReference; lastKnownFileType = text.plist.xml; path = Info.plist; sourceTree = "<group>"; };
		C5A9965B19B7A15300EFD44B /* LoginAppTests.swift */ = {isa = PBXFileReference; lastKnownFileType = sourcecode.swift; path = LoginAppTests.swift; sourceTree = "<group>"; };
/* End PBXFileReference section */

/* Begin PBXFrameworksBuildPhase section */
		C5A9964019B7A15300EFD44B /* Frameworks */ = {
			isa = PBXFrameworksBuildPhase;
			buildActionMask = 2147483647;
			files = (
			);
			runOnlyForDeploymentPostprocessing = 0;
		};
		C5A9965219B7A15300EFD44B /* Frameworks */ = {
			isa = PBXFrameworksBuildPhase;
			buildActionMask = 2147483647;
			files = (
			);
			runOnlyForDeploymentPostprocessing = 0;
		};
/* End PBXFrameworksBuildPhase section */

/* Begin PBXGroup section */
		C5A9963A19B7A15300EFD44B = {
			isa = PBXGroup;
			children = (
				C5A9964519B7A15300EFD44B /* LoginApp */,
				C5A9965819B7A15300EFD44B /* LoginAppTests */,
				C5A9964419B7A15300EFD44B /* Products */,
			);
			sourceTree = "<group>";
		};
		C5A9964419B7A15300EFD44B /* Products */ = {
			isa = PBXGroup;
			children = (
				C5A9964319B7A15300EFD44B /* LoginApp.app */,
				C5A9965519B7A15300EFD44B /* LoginAppTests.xctest */,
			);
			name = Products;
			sourceTree = "<group>";
		};
		C5A9964519B7A15300EFD44B /* LoginApp */ = {
			isa = PBXGroup;
			children = (
				C5A9964819B7A15300EFD44B /* AppDelegate.swift */,
				C5A9964A19B7A15300EFD44B /* ViewController.swift */,
				C5A9964C19B7A15300EFD44B /* Main.storyboard */,
				C5A9964F19B7A15300EFD44B /* Images.xcassets */,
				C5A9964619B7A15300EFD44B /* Supporting Files */,
			);
			path = LoginApp;
			sourceTree = "<group>";
		};
		C5A9964619B7A15300EFD44B /* Supporting Files */ = {
			isa = PBXGroup;
			children = (
				C5A9964719B7A15300EFD44B /* Info.plist */,
			);
			name = "Supporting Files";
			sourceTree = "<group>";
		};
		C5A9965819B7A15300EFD44B /* LoginAppTests */ = {
			isa = PBXGroup;
			children = (
				C5A9965B19B7A15300EFD44B /* LoginAppTests.swift */,
				C5A9965919B7A15300EFD44B /* Supporting Files */,
			);
			path = LoginAppTests;
			sourceTree = "<group>";
		};
		C5A9965919B7A15300EFD44B /* Supporting Files */ = {
			isa = PBXGroup;
			children = (
				C5A9965A19B7A15300EFD44B /* Info.plist */,
			);
			name = "Supporting Files";
			sourceTree = "<group>";
		};
/* End PBXGroup section */

/* Begin PBXNativeTarget section */
		C5A9964219B7A15300EFD44B /* LoginApp */ = {
			isa = PBXNativeTarget;
			buildConfigurationList = C5A9965F19B7A15300EFD44B /* Build configuration list for PBXNativeTarget "LoginApp" */;
			buildPhases = (
				C5A9963F19B7A15300EFD44B /* Sources */,
				C5A9964019B7A15300EFD44B /* Frameworks */,
				C5A9964119B7A15300EFD44B /* Resources */,
			);
			buildRules = (
			);
			dependencies = (
			);
			name = LoginApp;
			productName = LoginApp;
			productReference = C5A9964319B7A15300EFD44B /* LoginApp.app */;
			productType = "com.apple.product-type.application";
		};
		C5A9965419B7A15300EFD44B /* LoginAppTests */ = {
			isa = PBXNativeTarget;
			buildConfigurationList = C5A9966219B7A15300EFD44B /* Build configuration list for PBXNativeTarget "LoginAppTests" */;
			buildPhases = (
				C5A9965119B7A15300EFD44B /* Sources */,
				C5A9965219B7A15300EFD44B /* Frameworks */,
				C5A9965319B7A15300EFD44B /* Resources */,
			);
			buildRules = (
			);
			dependencies = (
				C5A9965719B7A15300EFD44B /* PBXTargetDependency */,
			);
			name = LoginAppTests;
			productName = LoginAppTests;
			productReference = C5A9965519B7A15300EFD44B /* LoginAppTests.xctest */;
			productType = "com.apple.product-type.bundle.unit-test";
		};
/* End PBXNativeTarget section */

/* Begin PBXProject section */
		C5A9963B19B7A15300EFD44B /* Project object */ = {
			isa = PBXProject;
			attributes = {
				LastUpgradeCheck = 0600;
				ORGANIZATIONNAME = "Guido Grassel";
				TargetAttributes = {
					C5A9964219B7A15300EFD44B = {
						CreatedOnToolsVersion = 6.0;
					};
					C5A9965419B7A15300EFD44B = {
						CreatedOnToolsVersion = 6.0;
						TestTargetID = C5A9964219B7A15300EFD44B;
					};
				};
			};
			buildConfigurationList = C5A9963E19B7A15300EFD44B /* Build configuration list for PBXProject "LoginApp" */;
			compatibilityVersion = "Xcode 3.2";
			developmentRegion = English;
			hasScannedForEncodings = 0;
			knownRegions = (
				en,
				Base,
			);
			mainGroup = C5A9963A19B7A15300EFD44B;
			productRefGroup = C5A9964419B7A15300EFD44B /* Products */;
			projectDirPath = "";
			projectRoot = "";
			targets = (
				C5A9964219B7A15300EFD44B /* LoginApp */,
				C5A9965419B7A15300EFD44B /* LoginAppTests */,
			);
		};
/* End PBXProject section */

/* Begin PBXResourcesBuildPhase section */
		C5A9964119B7A15300EFD44B /* Resources */ = {
			isa = PBXResourcesBuildPhase;
			buildActionMask = 2147483647;
			files = (
				C5A9964E19B7A15300EFD44B /* Main.storyboard in Resources */,
				C5A9965019B7A15300EFD44B /* Images.xcassets in Resources */,
			);
			runOnlyForDeploymentPostprocessing = 0;
		};
		C5A9965319B7A15300EFD44B /* Resources */ = {
			isa = PBXResourcesBuildPhase;
			buildActionMask = 2147483647;
			files = (
			);
			runOnlyForDeploymentPostprocessing = 0;
		};
/* End PBXResourcesBuildPhase section */

/* Begin PBXSourcesBuildPhase section */
		C5A9963F19B7A15300EFD44B /* Sources */ = {
			isa = PBXSourcesBuildPhase;
			buildActionMask = 2147483647;
			files = (
				C5A9964B19B7A15300EFD44B /* ViewController.swift in Sources */,
				C5A9964919B7A15300EFD44B /* AppDelegate.swift in Sources */,
			);
			runOnlyForDeploymentPostprocessing = 0;
		};
		C5A9965119B7A15300EFD44B /* Sources */ = {
			isa = PBXSourcesBuildPhase;
			buildActionMask = 2147483647;
			files = (
				C5A9965C19B7A15300EFD44B /* LoginAppTests.swift in Sources */,
			);
			runOnlyForDeploymentPostprocessing = 0;
		};
/* End PBXSourcesBuildPhase section */

/* Begin PBXTargetDependency section */
		C5A9965719B7A15300EFD44B /* PBXTargetDependency */ = {
			isa = PBXTargetDependency;
			target = C5A9964219B7A15300EFD44B /* LoginApp */;
			targetProxy = C5A9965619B7A15300EFD44B /* PBXContainerItemProxy */;
		};
/* End PBXTargetDependency section */

/* Begin PBXVariantGroup section */
		C5A9964C19B7A15300EFD44B /* Main.storyboard */ = {
			isa = PBXVariantGroup;
			children = (
				C5A9964D19B7A15300EFD44B /* Base */,
			);
			name = Main.storyboard;
			sourceTree = "<group>";
		};
/* End PBXVariantGroup section */

/* Begin XCBuildConfiguration section */
		C5A9965D19B7A15300EFD44B /* Debug */ = {
			isa = XCBuildConfiguration;
			buildSettings = {
				ALWAYS_SEARCH_USER_PATHS = NO;
				CLANG_CXX_LANGUAGE_STANDARD = "gnu++0x";
				CLANG_CXX_LIBRARY = "libc++";
				CLANG_ENABLE_MODULES = YES;
				CLANG_ENABLE_OBJC_ARC = YES;
				CLANG_WARN_BOOL_CONVERSION = YES;
				CLANG_WARN_CONSTANT_CONVERSION = YES;
				CLANG_WARN_DIRECT_OBJC_ISA_USAGE = YES_ERROR;
				CLANG_WARN_EMPTY_BODY = YES;
				CLANG_WARN_ENUM_CONVERSION = YES;
				CLANG_WARN_INT_CONVERSION = YES;
				CLANG_WARN_OBJC_ROOT_CLASS = YES_ERROR;
				CLANG_WARN_UNREACHABLE_CODE = YES;
				CLANG_WARN__DUPLICATE_METHOD_MATCH = YES;
				"CODE_SIGN_IDENTITY[sdk=iphoneos*]" = "iPhone Developer";
				COPY_PHASE_STRIP = NO;
				ENABLE_STRICT_OBJC_MSGSEND = YES;
				GCC_C_LANGUAGE_STANDARD = gnu99;
				GCC_DYNAMIC_NO_PIC = NO;
				GCC_OPTIMIZATION_LEVEL = 0;
				GCC_PREPROCESSOR_DEFINITIONS = (
					"DEBUG=1",
					"$(inherited)",
				);
				GCC_SYMBOLS_PRIVATE_EXTERN = NO;
				GCC_WARN_64_TO_32_BIT_CONVERSION = YES;
				GCC_WARN_ABOUT_RETURN_TYPE = YES_ERROR;
				GCC_WARN_UNDECLARED_SELECTOR = YES;
				GCC_WARN_UNINITIALIZED_AUTOS = YES_AGGRESSIVE;
				GCC_WARN_UNUSED_FUNCTION = YES;
				GCC_WARN_UNUSED_VARIABLE = YES;
				IPHONEOS_DEPLOYMENT_TARGET = 8.0;
				MTL_ENABLE_DEBUG_INFO = YES;
				ONLY_ACTIVE_ARCH = YES;
				SDKROOT = iphoneos;
				SWIFT_OPTIMIZATION_LEVEL = "-Onone";
			};
			name = Debug;
		};
		C5A9965E19B7A15300EFD44B /* Release */ = {
			isa = XCBuildConfiguration;
			buildSettings = {
				ALWAYS_SEARCH_USER_PATHS = NO;
				CLANG_CXX_LANGUAGE_STANDARD = "gnu++0x";
				CLANG_CXX_LIBRARY = "libc++";
				CLANG_ENABLE_MODULES = YES;
				CLANG_ENABLE_OBJC_ARC = YES;
				CLANG_WARN_BOOL_CONVERSION = YES;
				CLANG_WARN_CONSTANT_CONVERSION = YES;
				CLANG_WARN_DIRECT_OBJC_ISA_USAGE = YES_ERROR;
				CLANG_WARN_EMPTY_BODY = YES;
				CLANG_WARN_ENUM_CONVERSION = YES;
				CLANG_WARN_INT_CONVERSION = YES;
				CLANG_WARN_OBJC_ROOT_CLASS = YES_ERROR;
				CLANG_WARN_UNREACHABLE_CODE = YES;
				CLANG_WARN__DUPLICATE_METHOD_MATCH = YES;
				"CODE_SIGN_IDENTITY[sdk=iphoneos*]" = "iPhone Developer";
				COPY_PHASE_STRIP = YES;
				ENABLE_NS_ASSERTIONS = NO;
				ENABLE_STRICT_OBJC_MSGSEND = YES;
				GCC_C_LANGUAGE_STANDARD = gnu99;
				GCC_WARN_64_TO_32_BIT_CONVERSION = YES;
				GCC_WARN_ABOUT_RETURN_TYPE = YES_ERROR;
				GCC_WARN_UNDECLARED_SELECTOR = YES;
				GCC_WARN_UNINITIALIZED_AUTOS = YES_AGGRESSIVE;
				GCC_WARN_UNUSED_FUNCTION = YES;
				GCC_WARN_UNUSED_VARIABLE = YES;
				IPHONEOS_DEPLOYMENT_TARGET = 8.0;
				MTL_ENABLE_DEBUG_INFO = NO;
				SDKROOT = iphoneos;
				VALIDATE_PRODUCT = YES;
			};
			name = Release;
		};
		C5A9966019B7A15300EFD44B /* Debug */ = {
			isa = XCBuildConfiguration;
			buildSettings = {
				ASSETCATALOG_COMPILER_APPICON_NAME = AppIcon;
				ASSETCATALOG_COMPILER_LAUNCHIMAGE_NAME = LaunchImage;
				INFOPLIST_FILE = LoginApp/Info.plist;
				LD_RUNPATH_SEARCH_PATHS = "$(inherited) @executable_path/Frameworks";
				PRODUCT_NAME = "$(TARGET_NAME)";
			};
			name = Debug;
		};
		C5A9966119B7A15300EFD44B /* Release */ = {
			isa = XCBuildConfiguration;
			buildSettings = {
				ASSETCATALOG_COMPILER_APPICON_NAME = AppIcon;
				ASSETCATALOG_COMPILER_LAUNCHIMAGE_NAME = LaunchImage;
				INFOPLIST_FILE = LoginApp/Info.plist;
				LD_RUNPATH_SEARCH_PATHS = "$(inherited) @executable_path/Frameworks";
				PRODUCT_NAME = "$(TARGET_NAME)";
			};
			name = Release;
		};
		C5A9966319B7A15300EFD44B /* Debug */ = {
			isa = XCBuildConfiguration;
			buildSettings = {
				BUNDLE_LOADER = "$(BUILT_PRODUCTS_DIR)/LoginApp.app/LoginApp";
				FRAMEWORK_SEARCH_PATHS = (
					"$(SDKROOT)/Developer/Library/Frameworks",
					"$(inherited)",
				);
				GCC_PREPROCESSOR_DEFINITIONS = (
					"DEBUG=1",
					"$(inherited)",
				);
				INFOPLIST_FILE = LoginAppTests/Info.plist;
				LD_RUNPATH_SEARCH_PATHS = "$(inherited) @executable_path/Frameworks @loader_path/Frameworks";
				PRODUCT_NAME = "$(TARGET_NAME)";
				TEST_HOST = "$(BUNDLE_LOADER)";
			};
			name = Debug;
		};
		C5A9966419B7A15300EFD44B /* Release */ = {
			isa = XCBuildConfiguration;
			buildSettings = {
				BUNDLE_LOADER = "$(BUILT_PRODUCTS_DIR)/LoginApp.app/LoginApp";
				FRAMEWORK_SEARCH_PATHS = (
					"$(SDKROOT)/Developer/Library/Frameworks",
					"$(inherited)",
				);
				INFOPLIST_FILE = LoginAppTests/Info.plist;
				LD_RUNPATH_SEARCH_PATHS = "$(inherited) @executable_path/Frameworks @loader_path/Frameworks";
				PRODUCT_NAME = "$(TARGET_NAME)";
				TEST_HOST = "$(BUNDLE_LOADER)";
			};
			name = Release;
		};
/* End XCBuildConfiguration section */

/* Begin XCConfigurationList section */
		C5A9963E19B7A15300EFD44B /* Build configuration list for PBXProject "LoginApp" */ = {
			isa = XCConfigurationList;
			buildConfigurations = (
				C5A9965D19B7A15300EFD44B /* Debug */,
				C5A9965E19B7A15300EFD44B /* Release */,
			);
			defaultConfigurationIsVisible = 0;
			defaultConfigurationName = Release;
		};
		C5A9965F19B7A15300EFD44B /* Build configuration list for PBXNativeTarget "LoginApp" */ = {
			isa = XCConfigurationList;
			buildConfigurations = (
				C5A9966019B7A15300EFD44B /* Debug */,
				C5A9966119B7A15300EFD44B /* Release */,
			);
			defaultConfigurationIsVisible = 0;
		};
		C5A9966219B7A15300EFD44B /* Build configuration list for PBXNativeTarget "LoginAppTests" */ = {
			isa = XCConfigurationList;
			buildConfigurations = (
				C5A9966319B7A15300EFD44B /* Debug */,
				C5A9966419B7A15300EFD44B /* Release */,
			);
			defaultConfigurationIsVisible = 0;
		};
/* End XCConfigurationList section */
	};
	rootObject = C5A9963B19B7A15300EFD44B /* Project object */;
}
